
Microsoft Visual Studio Solution File, Format Version 12.00
# Visual Studio 15
VisualStudioVersion = 15.0.28010.2046
MinimumVisualStudioVersion = 10.0.40219.1
Project("{9A19103F-16F7-4668-BE54-9A1E7A4F7556}") = "OpenSshKeyParser", "OpenSshKeyParser\OpenSshKeyParser.csproj", "{9559AA0C-E822-4EE6-A94C-F175C333CF8C}"
EndProject
Project("{FAE04EC0-301F-11D3-BF4B-00C04F79EFBC}") = "OpenSshKeyParser.Tests", "OpenSshKeyParser.Tests\OpenSshKeyParser.Tests.csproj", "{503FC8AD-4791-40A7-89C1-46216335D5CF}"
EndProject
Global
	GlobalSection(SolutionConfigurationPlatforms) = preSolution
		Debug|Any CPU = Debug|Any CPU
		Release|Any CPU = Release|Any CPU
	EndGlobalSection
	GlobalSection(ProjectConfigurationPlatforms) = postSolution
		{9559AA0C-E822-4EE6-A94C-F175C333CF8C}.Debug|Any CPU.ActiveCfg = Debug|Any CPU
		{9559AA0C-E822-4EE6-A94C-F175C333CF8C}.Debug|Any CPU.Build.0 = Debug|Any CPU
		{9559AA0C-E822-4EE6-A94C-F175C333CF8C}.Release|Any CPU.ActiveCfg = Release|Any CPU
		{9559AA0C-E822-4EE6-A94C-F175C333CF8C}.Release|Any CPU.Build.0 = Release|Any CPU
		{503FC8AD-4791-40A7-89C1-46216335D5CF}.Debug|Any CPU.ActiveCfg = Debug|Any CPU
		{503FC8AD-4791-40A7-89C1-46216335D5CF}.Debug|Any CPU.Build.0 = Debug|Any CPU
		{503FC8AD-4791-40A7-89C1-46216335D5CF}.Release|Any CPU.ActiveCfg = Release|Any CPU
		{503FC8AD-4791-40A7-89C1-46216335D5CF}.Release|Any CPU.Build.0 = Release|Any CPU
	EndGlobalSection
	GlobalSection(SolutionProperties) = preSolution
		HideSolutionNode = FALSE
	EndGlobalSection
	GlobalSection(ExtensibilityGlobals) = postSolution
		SolutionGuid = {D816D69F-88BD-45D3-8406-AF850638FFAC}
	EndGlobalSection
EndGlobal
